
Microsoft Visual Studio Solution File, Format Version 12.00
# Visual Studio Version 17
VisualStudioVersion = 17.7.34031.279
MinimumVisualStudioVersion = 10.0.40219.1
Project("{FAE04EC0-301F-11D3-BF4B-00C04F79EFBC}") = "Lab4", "Lab4.csproj", "{DAB26EDF-D52F-4E4E-95FB-26A952F9AFB0}"
EndProject
Global
	GlobalSection(SolutionConfigurationPlatforms) = preSolution
		Debug|Any CPU = Debug|Any CPU
		Release|Any CPU = Release|Any CPU
	EndGlobalSection
	GlobalSection(ProjectConfigurationPlatforms) = postSolution
		{DAB26EDF-D52F-4E4E-95FB-26A952F9AFB0}.Debug|Any CPU.ActiveCfg = Debug|Any CPU
		{DAB26EDF-D52F-4E4E-95FB-26A952F9AFB0}.Debug|Any CPU.Build.0 = Debug|Any CPU
		{DAB26EDF-D52F-4E4E-95FB-26A952F9AFB0}.Release|Any CPU.ActiveCfg = Release|Any CPU
		{DAB26EDF-D52F-4E4E-95FB-26A952F9AFB0}.Release|Any CPU.Build.0 = Release|Any CPU
	EndGlobalSection
	GlobalSection(SolutionProperties) = preSolution
		HideSolutionNode = FALSE
	EndGlobalSection
	GlobalSection(ExtensibilityGlobals) = postSolution
		SolutionGuid = {36E38090-1B53-4F59-95E9-7DAEDA6FF460}
	EndGlobalSection
EndGlobal
